<?xml version="1.0" encoding="utf-8"?>
<Project ToolsVersion="4.0" xmlns="http://schemas.microsoft.com/developer/msbuild/2003">
  <ItemGroup>
    <Filter Include="Source Files">
      <UniqueIdentifier>{4FC737F1-C7A5-4376-A066-2A32D752A2FF}</UniqueIdentifier>
      <Extensions>cpp;c;cc;cxx;def;odl;idl;hpj;bat;asm;asmx</Extensions>
    </Filter>
    <Filter Include="Header Files">
      <UniqueIdentifier>{93995380-89BD-4b04-88EB-625FBE52EBFB}</UniqueIdentifier>
      <Extensions>h;hpp;hxx;hm;inl;inc;xsd</Extensions>
    </Filter>
    <Filter Include="Resource Files">
      <UniqueIdentifier>{67DA6AB6-F800-4c08-8B7A-83BB121AAD01}</UniqueIdentifier>
      <Extensions>rc;ico;cur;bmp;dlg;rc2;rct;bin;rgs;gif;jpg;jpeg;jpe;resx;tiff;tif;png;wav;mfcribbon-ms</Extensions>
    </Filter>
    <Filter Include="include">
      <UniqueIdentifier>{2bf0444c-4ec8-4928-9764-91b1f614d4b5}</UniqueIdentifier>
    </Filter>
    <Filter Include="src">
      <UniqueIdentifier>{12c02f1d-ac34-4821-8678-5579b66d2b95}</UniqueIdentifier>
    </Filter>
  </ItemGroup>
  <ItemGroup>
    <ClInclude Include="..\..\..\include\baselib\FuncWrapper.h">
      <Filter>include</Filter>
    </ClInclude>
    <ClInclude Include="..\..\..\include\baselib\IThread.h">
      <Filter>include</Filter>
    </ClInclude>
    <ClInclude Include="..\..\..\include\baselib\StringUtility.h">
      <Filter>include</Filter>
    </ClInclude>
    <ClInclude Include="..\..\..\include\baselib\TaskThread.h">
      <Filter>include</Filter>
    </ClInclude>
    <ClInclude Include="..\..\..\include\baselib\Utility.h">
      <Filter>include</Filter>
    </ClInclude>
    <ClInclude Include="..\..\..\include\baselib\BufferUtility.h">
      <Filter>include</Filter>
    </ClInclude>
    <ClInclude Include="..\..\..\include\baselib\DataStream.h">
      <Filter>include</Filter>
    </ClInclude>
    <ClInclude Include="..\..\..\include\baselib\cJSON.h">
      <Filter>include</Filter>
    </ClInclude>
    <ClInclude Include="..\..\..\include\baselib\CJsonObject.hpp">
      <Filter>include</Filter>
    </ClInclude>
  </ItemGroup>
  <ItemGroup>
    <ClCompile Include="..\..\..\src\baselib\StringUtility.cpp">
      <Filter>src</Filter>
    </ClCompile>
    <ClCompile Include="..\..\..\src\baselib\TaskThread.cpp">
      <Filter>src</Filter>
    </ClCompile>
    <ClCompile Include="..\..\..\src\baselib\Utility.cpp">
      <Filter>src</Filter>
    </ClCompile>
    <ClCompile Include="..\..\..\src\baselib\BufferUtility.cpp">
      <Filter>src</Filter>
    </ClCompile>
    <ClCompile Include="..\..\..\src\baselib\cJSON.c">
      <Filter>src</Filter>
    </ClCompile>
    <ClCompile Include="..\..\..\src\baselib\CJsonObject.cpp">
      <Filter>src</Filter>
    </ClCompile>
  </ItemGroup>
</Project>